
Microsoft Visual Studio Solution File, Format Version 12.00
# Visual Studio Version 17
VisualStudioVersion = 17.5.2.0
MinimumVisualStudioVersion = 10.0.40219.1
Project("{2150E333-8FDC-42A3-9474-1A3956D46DE8}") = "src", "src", "{827E0CD3-B72D-47B6-A68D-7590B98EB39B}"
EndProject
Project("{FAE04EC0-301F-11D3-BF4B-00C04F79EFBC}") = "MyBackendApi.Domain", "src\MyBackendApi.Domain\MyBackendApi.Domain.csproj", "{9F955138-EEAA-47DC-860E-E3251C8E79C7}"
EndProject
Project("{FAE04EC0-301F-11D3-BF4B-00C04F79EFBC}") = "MyBackendApi.Application", "src\MyBackendApi.Application\MyBackendApi.Application.csproj", "{06FC0C2D-D91E-4013-B8DB-2385F7561EDF}"
EndProject
Project("{FAE04EC0-301F-11D3-BF4B-00C04F79EFBC}") = "MyBackendApi.Infrastructure", "src\MyBackendApi.Infrastructure\MyBackendApi.Infrastructure.csproj", "{39EF554C-1135-4D2E-A133-131DA300B7ED}"
EndProject
Project("{FAE04EC0-301F-11D3-BF4B-00C04F79EFBC}") = "MyBackendApi.API", "src\MyBackendApi.API\MyBackendApi.API.csproj", "{888F5DD7-6250-4355-AB23-B87799C01BFC}"
EndProject
Project("{2150E333-8FDC-42A3-9474-1A3956D46DE8}") = "tests", "tests", "{0AB3BF05-4346-4AA6-1389-037BE0695223}"
EndProject
Project("{FAE04EC0-301F-11D3-BF4B-00C04F79EFBC}") = "MyBackendApi.Domain.Tests", "tests\MyBackendApi.Domain.Tests\MyBackendApi.Domain.Tests.csproj", "{8A9AE73D-59CE-463C-A365-7ECF3AD2D224}"
EndProject
Project("{FAE04EC0-301F-11D3-BF4B-00C04F79EFBC}") = "MyBackendApi.Application.Tests", "tests\MyBackendApi.Application.Tests\MyBackendApi.Application.Tests.csproj", "{C0E27B55-8F12-4715-85B6-66EE2EB31492}"
EndProject
Project("{FAE04EC0-301F-11D3-BF4B-00C04F79EFBC}") = "MyBackendApi.Infrastructure.Tests", "tests\MyBackendApi.Infrastructure.Tests\MyBackendApi.Infrastructure.Tests.csproj", "{1ACA4D4D-3EA0-492C-8FA0-70803E35583B}"
EndProject
Global
	GlobalSection(SolutionConfigurationPlatforms) = preSolution
		Debug|Any CPU = Debug|Any CPU
		Debug|x64 = Debug|x64
		Debug|x86 = Debug|x86
		Release|Any CPU = Release|Any CPU
		Release|x64 = Release|x64
		Release|x86 = Release|x86
	EndGlobalSection
	GlobalSection(ProjectConfigurationPlatforms) = postSolution
		{9F955138-EEAA-47DC-860E-E3251C8E79C7}.Debug|Any CPU.ActiveCfg = Debug|Any CPU
		{9F955138-EEAA-47DC-860E-E3251C8E79C7}.Debug|Any CPU.Build.0 = Debug|Any CPU
		{9F955138-EEAA-47DC-860E-E3251C8E79C7}.Debug|x64.ActiveCfg = Debug|Any CPU
		{9F955138-EEAA-47DC-860E-E3251C8E79C7}.Debug|x64.Build.0 = Debug|Any CPU
		{9F955138-EEAA-47DC-860E-E3251C8E79C7}.Debug|x86.ActiveCfg = Debug|Any CPU
		{9F955138-EEAA-47DC-860E-E3251C8E79C7}.Debug|x86.Build.0 = Debug|Any CPU
		{9F955138-EEAA-47DC-860E-E3251C8E79C7}.Release|Any CPU.ActiveCfg = Release|Any CPU
		{9F955138-EEAA-47DC-860E-E3251C8E79C7}.Release|Any CPU.Build.0 = Release|Any CPU
		{9F955138-EEAA-47DC-860E-E3251C8E79C7}.Release|x64.ActiveCfg = Release|Any CPU
		{9F955138-EEAA-47DC-860E-E3251C8E79C7}.Release|x64.Build.0 = Release|Any CPU
		{9F955138-EEAA-47DC-860E-E3251C8E79C7}.Release|x86.ActiveCfg = Release|Any CPU
		{9F955138-EEAA-47DC-860E-E3251C8E79C7}.Release|x86.Build.0 = Release|Any CPU
		{06FC0C2D-D91E-4013-B8DB-2385F7561EDF}.Debug|Any CPU.ActiveCfg = Debug|Any CPU
		{06FC0C2D-D91E-4013-B8DB-2385F7561EDF}.Debug|Any CPU.Build.0 = Debug|Any CPU
		{06FC0C2D-D91E-4013-B8DB-2385F7561EDF}.Debug|x64.ActiveCfg = Debug|Any CPU
		{06FC0C2D-D91E-4013-B8DB-2385F7561EDF}.Debug|x64.Build.0 = Debug|Any CPU
		{06FC0C2D-D91E-4013-B8DB-2385F7561EDF}.Debug|x86.ActiveCfg = Debug|Any CPU
		{06FC0C2D-D91E-4013-B8DB-2385F7561EDF}.Debug|x86.Build.0 = Debug|Any CPU
		{06FC0C2D-D91E-4013-B8DB-2385F7561EDF}.Release|Any CPU.ActiveCfg = Release|Any CPU
		{06FC0C2D-D91E-4013-B8DB-2385F7561EDF}.Release|Any CPU.Build.0 = Release|Any CPU
		{06FC0C2D-D91E-4013-B8DB-2385F7561EDF}.Release|x64.ActiveCfg = Release|Any CPU
		{06FC0C2D-D91E-4013-B8DB-2385F7561EDF}.Release|x64.Build.0 = Release|Any CPU
		{06FC0C2D-D91E-4013-B8DB-2385F7561EDF}.Release|x86.ActiveCfg = Release|Any CPU
		{06FC0C2D-D91E-4013-B8DB-2385F7561EDF}.Release|x86.Build.0 = Release|Any CPU
		{39EF554C-1135-4D2E-A133-131DA300B7ED}.Debug|Any CPU.ActiveCfg = Debug|Any CPU
		{39EF554C-1135-4D2E-A133-131DA300B7ED}.Debug|Any CPU.Build.0 = Debug|Any CPU
		{39EF554C-1135-4D2E-A133-131DA300B7ED}.Debug|x64.ActiveCfg = Debug|Any CPU
		{39EF554C-1135-4D2E-A133-131DA300B7ED}.Debug|x64.Build.0 = Debug|Any CPU
		{39EF554C-1135-4D2E-A133-131DA300B7ED}.Debug|x86.ActiveCfg = Debug|Any CPU
		{39EF554C-1135-4D2E-A133-131DA300B7ED}.Debug|x86.Build.0 = Debug|Any CPU
		{39EF554C-1135-4D2E-A133-131DA300B7ED}.Release|Any CPU.ActiveCfg = Release|Any CPU
		{39EF554C-1135-4D2E-A133-131DA300B7ED}.Release|Any CPU.Build.0 = Release|Any CPU
		{39EF554C-1135-4D2E-A133-131DA300B7ED}.Release|x64.ActiveCfg = Release|Any CPU
		{39EF554C-1135-4D2E-A133-131DA300B7ED}.Release|x64.Build.0 = Release|Any CPU
		{39EF554C-1135-4D2E-A133-131DA300B7ED}.Release|x86.ActiveCfg = Release|Any CPU
		{39EF554C-1135-4D2E-A133-131DA300B7ED}.Release|x86.Build.0 = Release|Any CPU
		{888F5DD7-6250-4355-AB23-B87799C01BFC}.Debug|Any CPU.ActiveCfg = Debug|Any CPU
		{888F5DD7-6250-4355-AB23-B87799C01BFC}.Debug|Any CPU.Build.0 = Debug|Any CPU
		{888F5DD7-6250-4355-AB23-B87799C01BFC}.Debug|x64.ActiveCfg = Debug|Any CPU
		{888F5DD7-6250-4355-AB23-B87799C01BFC}.Debug|x64.Build.0 = Debug|Any CPU
		{888F5DD7-6250-4355-AB23-B87799C01BFC}.Debug|x86.ActiveCfg = Debug|Any CPU
		{888F5DD7-6250-4355-AB23-B87799C01BFC}.Debug|x86.Build.0 = Debug|Any CPU
		{888F5DD7-6250-4355-AB23-B87799C01BFC}.Release|Any CPU.ActiveCfg = Release|Any CPU
		{888F5DD7-6250-4355-AB23-B87799C01BFC}.Release|Any CPU.Build.0 = Release|Any CPU
		{888F5DD7-6250-4355-AB23-B87799C01BFC}.Release|x64.ActiveCfg = Release|Any CPU
		{888F5DD7-6250-4355-AB23-B87799C01BFC}.Release|x64.Build.0 = Release|Any CPU
		{888F5DD7-6250-4355-AB23-B87799C01BFC}.Release|x86.ActiveCfg = Release|Any CPU
		{888F5DD7-6250-4355-AB23-B87799C01BFC}.Release|x86.Build.0 = Release|Any CPU
		{8A9AE73D-59CE-463C-A365-7ECF3AD2D224}.Debug|Any CPU.ActiveCfg = Debug|Any CPU
		{8A9AE73D-59CE-463C-A365-7ECF3AD2D224}.Debug|Any CPU.Build.0 = Debug|Any CPU
		{8A9AE73D-59CE-463C-A365-7ECF3AD2D224}.Debug|x64.ActiveCfg = Debug|Any CPU
		{8A9AE73D-59CE-463C-A365-7ECF3AD2D224}.Debug|x64.Build.0 = Debug|Any CPU
		{8A9AE73D-59CE-463C-A365-7ECF3AD2D224}.Debug|x86.ActiveCfg = Debug|Any CPU
		{8A9AE73D-59CE-463C-A365-7ECF3AD2D224}.Debug|x86.Build.0 = Debug|Any CPU
		{8A9AE73D-59CE-463C-A365-7ECF3AD2D224}.Release|Any CPU.ActiveCfg = Release|Any CPU
		{8A9AE73D-59CE-463C-A365-7ECF3AD2D224}.Release|Any CPU.Build.0 = Release|Any CPU
		{8A9AE73D-59CE-463C-A365-7ECF3AD2D224}.Release|x64.ActiveCfg = Release|Any CPU
		{8A9AE73D-59CE-463C-A365-7ECF3AD2D224}.Release|x64.Build.0 = Release|Any CPU
		{8A9AE73D-59CE-463C-A365-7ECF3AD2D224}.Release|x86.ActiveCfg = Release|Any CPU
		{8A9AE73D-59CE-463C-A365-7ECF3AD2D224}.Release|x86.Build.0 = Release|Any CPU
		{C0E27B55-8F12-4715-85B6-66EE2EB31492}.Debug|Any CPU.ActiveCfg = Debug|Any CPU
		{C0E27B55-8F12-4715-85B6-66EE2EB31492}.Debug|Any CPU.Build.0 = Debug|Any CPU
		{C0E27B55-8F12-4715-85B6-66EE2EB31492}.Debug|x64.ActiveCfg = Debug|Any CPU
		{C0E27B55-8F12-4715-85B6-66EE2EB31492}.Debug|x64.Build.0 = Debug|Any CPU
		{C0E27B55-8F12-4715-85B6-66EE2EB31492}.Debug|x86.ActiveCfg = Debug|Any CPU
		{C0E27B55-8F12-4715-85B6-66EE2EB31492}.Debug|x86.Build.0 = Debug|Any CPU
		{C0E27B55-8F12-4715-85B6-66EE2EB31492}.Release|Any CPU.ActiveCfg = Release|Any CPU
		{C0E27B55-8F12-4715-85B6-66EE2EB31492}.Release|Any CPU.Build.0 = Release|Any CPU
		{C0E27B55-8F12-4715-85B6-66EE2EB31492}.Release|x64.ActiveCfg = Release|Any CPU
		{C0E27B55-8F12-4715-85B6-66EE2EB31492}.Release|x64.Build.0 = Release|Any CPU
		{C0E27B55-8F12-4715-85B6-66EE2EB31492}.Release|x86.ActiveCfg = Release|Any CPU
		{C0E27B55-8F12-4715-85B6-66EE2EB31492}.Release|x86.Build.0 = Release|Any CPU
		{1ACA4D4D-3EA0-492C-8FA0-70803E35583B}.Debug|Any CPU.ActiveCfg = Debug|Any CPU
		{1ACA4D4D-3EA0-492C-8FA0-70803E35583B}.Debug|Any CPU.Build.0 = Debug|Any CPU
		{1ACA4D4D-3EA0-492C-8FA0-70803E35583B}.Debug|x64.ActiveCfg = Debug|Any CPU
		{1ACA4D4D-3EA0-492C-8FA0-70803E35583B}.Debug|x64.Build.0 = Debug|Any CPU
		{1ACA4D4D-3EA0-492C-8FA0-70803E35583B}.Debug|x86.ActiveCfg = Debug|Any CPU
		{1ACA4D4D-3EA0-492C-8FA0-70803E35583B}.Debug|x86.Build.0 = Debug|Any CPU
		{1ACA4D4D-3EA0-492C-8FA0-70803E35583B}.Release|Any CPU.ActiveCfg = Release|Any CPU
		{1ACA4D4D-3EA0-492C-8FA0-70803E35583B}.Release|Any CPU.Build.0 = Release|Any CPU
		{1ACA4D4D-3EA0-492C-8FA0-70803E35583B}.Release|x64.ActiveCfg = Release|Any CPU
		{1ACA4D4D-3EA0-492C-8FA0-70803E35583B}.Release|x64.Build.0 = Release|Any CPU
		{1ACA4D4D-3EA0-492C-8FA0-70803E35583B}.Release|x86.ActiveCfg = Release|Any CPU
		{1ACA4D4D-3EA0-492C-8FA0-70803E35583B}.Release|x86.Build.0 = Release|Any CPU
	EndGlobalSection
	GlobalSection(SolutionProperties) = preSolution
		HideSolutionNode = FALSE
	EndGlobalSection
	GlobalSection(NestedProjects) = preSolution
		{9F955138-EEAA-47DC-860E-E3251C8E79C7} = {827E0CD3-B72D-47B6-A68D-7590B98EB39B}
		{06FC0C2D-D91E-4013-B8DB-2385F7561EDF} = {827E0CD3-B72D-47B6-A68D-7590B98EB39B}
		{39EF554C-1135-4D2E-A133-131DA300B7ED} = {827E0CD3-B72D-47B6-A68D-7590B98EB39B}
		{888F5DD7-6250-4355-AB23-B87799C01BFC} = {827E0CD3-B72D-47B6-A68D-7590B98EB39B}
		{8A9AE73D-59CE-463C-A365-7ECF3AD2D224} = {0AB3BF05-4346-4AA6-1389-037BE0695223}
		{C0E27B55-8F12-4715-85B6-66EE2EB31492} = {0AB3BF05-4346-4AA6-1389-037BE0695223}
		{1ACA4D4D-3EA0-492C-8FA0-70803E35583B} = {0AB3BF05-4346-4AA6-1389-037BE0695223}
	EndGlobalSection
	GlobalSection(ExtensibilityGlobals) = postSolution
		SolutionGuid = {A7B283F4-90DC-481E-ABE7-6E90172FEE68}
	EndGlobalSection
EndGlobal
